
Microsoft Visual Studio Solution File, Format Version 12.00
# Visual Studio Version 16
VisualStudioVersion = 16.0.31019.194
MinimumVisualStudioVersion = 10.0.40219.1
Project("{FAE04EC0-301F-11D3-BF4B-00C04F79EFBC}") = "CSharpSnowBlazor.Server", "CSharpSnowBlazor\Server\CSharpSnowBlazor.Server.csproj", "{1ABAD8D0-4F3A-4E06-8FB9-FC13091F7788}"
EndProject
Project("{FAE04EC0-301F-11D3-BF4B-00C04F79EFBC}") = "CSharpSnowBlazor.Client", "CSharpSnowBlazor\Client\CSharpSnowBlazor.Client.csproj", "{810AF39A-1469-4CB2-9F03-C471D3702A43}"
EndProject
Project("{FAE04EC0-301F-11D3-BF4B-00C04F79EFBC}") = "CSharpSnowBlazor.Shared", "CSharpSnowBlazor\Shared\CSharpSnowBlazor.Shared.csproj", "{4FA24B0C-6F2D-46FA-8C64-89139D5A46CA}"
EndProject
Global
	GlobalSection(SolutionConfigurationPlatforms) = preSolution
		Debug|Any CPU = Debug|Any CPU
		Release|Any CPU = Release|Any CPU
	EndGlobalSection
	GlobalSection(ProjectConfigurationPlatforms) = postSolution
		{1ABAD8D0-4F3A-4E06-8FB9-FC13091F7788}.Debug|Any CPU.ActiveCfg = Debug|Any CPU
		{1ABAD8D0-4F3A-4E06-8FB9-FC13091F7788}.Debug|Any CPU.Build.0 = Debug|Any CPU
		{1ABAD8D0-4F3A-4E06-8FB9-FC13091F7788}.Release|Any CPU.ActiveCfg = Release|Any CPU
		{1ABAD8D0-4F3A-4E06-8FB9-FC13091F7788}.Release|Any CPU.Build.0 = Release|Any CPU
		{810AF39A-1469-4CB2-9F03-C471D3702A43}.Debug|Any CPU.ActiveCfg = Debug|Any CPU
		{810AF39A-1469-4CB2-9F03-C471D3702A43}.Debug|Any CPU.Build.0 = Debug|Any CPU
		{810AF39A-1469-4CB2-9F03-C471D3702A43}.Release|Any CPU.ActiveCfg = Release|Any CPU
		{810AF39A-1469-4CB2-9F03-C471D3702A43}.Release|Any CPU.Build.0 = Release|Any CPU
		{4FA24B0C-6F2D-46FA-8C64-89139D5A46CA}.Debug|Any CPU.ActiveCfg = Debug|Any CPU
		{4FA24B0C-6F2D-46FA-8C64-89139D5A46CA}.Debug|Any CPU.Build.0 = Debug|Any CPU
		{4FA24B0C-6F2D-46FA-8C64-89139D5A46CA}.Release|Any CPU.ActiveCfg = Release|Any CPU
		{4FA24B0C-6F2D-46FA-8C64-89139D5A46CA}.Release|Any CPU.Build.0 = Release|Any CPU
	EndGlobalSection
	GlobalSection(SolutionProperties) = preSolution
		HideSolutionNode = FALSE
	EndGlobalSection
	GlobalSection(ExtensibilityGlobals) = postSolution
		SolutionGuid = {13F330B4-4F7E-4460-847C-54B3EDB312B8}
	EndGlobalSection
EndGlobal
